# @generated - this file is auto-generated by `mise lock` https://mise.jdx.dev/dev-tools/mise-lock.html

lockfile_version = 1

[[tools.actionlint]]
version = "1.7.12"
backend = "aqua:rhysd/actionlint"
specifiers = [
    "1.7.12",
    "latest",
]

[tools.actionlint."platforms.linux-arm64"]
checksum = "sha256:325e971b6ba9bfa504672e29be93c24981eeb1c07576d730e9f7c8805afff0c6"
url = "https://github.com/rhysd/actionlint/releases/download/v1.7.12/actionlint_1.7.12_linux_arm64.tar.gz"
url_api = "https://api.github.com/repos/rhysd/actionlint/releases/assets/384924897"
provenance = "github-attestations"

[tools.actionlint."platforms.linux-arm64-musl"]
checksum = "sha256:325e971b6ba9bfa504672e29be93c24981eeb1c07576d730e9f7c8805afff0c6"
url = "https://github.com/rhysd/actionlint/releases/download/v1.7.12/actionlint_1.7.12_linux_arm64.tar.gz"
url_api = "https://api.github.com/repos/rhysd/actionlint/releases/assets/384924897"
provenance = "github-attestations"

[tools.actionlint."platforms.linux-x64"]
checksum = "sha256:8aca8db96f1b94770f1b0d72b6dddcb1ebb8123cb3712530b08cc387b349a3d8"
url = "https://github.com/rhysd/actionlint/releases/download/v1.7.12/actionlint_1.7.12_linux_amd64.tar.gz"
url_api = "https://api.github.com/repos/rhysd/actionlint/releases/assets/384924896"
provenance = "github-attestations"

[tools.actionlint."platforms.linux-x64-musl"]
checksum = "sha256:8aca8db96f1b94770f1b0d72b6dddcb1ebb8123cb3712530b08cc387b349a3d8"
url = "https://github.com/rhysd/actionlint/releases/download/v1.7.12/actionlint_1.7.12_linux_amd64.tar.gz"
url_api = "https://api.github.com/repos/rhysd/actionlint/releases/assets/384924896"
provenance = "github-attestations"

[tools.actionlint."platforms.macos-arm64"]
checksum = "sha256:aba9ced2dee8d27fecca3dc7feb1a7f9a52caefa1eb46f3271ea66b6e0e6953f"
url = "https://github.com/rhysd/actionlint/releases/download/v1.7.12/actionlint_1.7.12_darwin_arm64.tar.gz"
url_api = "https://api.github.com/repos/rhysd/actionlint/releases/assets/384924893"
provenance = "github-attestations"

[tools.actionlint."platforms.macos-x64"]
checksum = "sha256:5b44c3bc2255115c9b69e30efc0fecdf498fdb63c5d58e17084fd5f16324c644"
url = "https://github.com/rhysd/actionlint/releases/download/v1.7.12/actionlint_1.7.12_darwin_amd64.tar.gz"
url_api = "https://api.github.com/repos/rhysd/actionlint/releases/assets/384924880"
provenance = "github-attestations"

[tools.actionlint."platforms.windows-x64"]
checksum = "sha256:6e7241b51e6817ea6a047693d8e6fed13b31819c9a0dd6c5a726e1592d22f6e9"
url = "https://github.com/rhysd/actionlint/releases/download/v1.7.12/actionlint_1.7.12_windows_amd64.zip"
url_api = "https://api.github.com/repos/rhysd/actionlint/releases/assets/384924919"
provenance = "github-attestations"

[[tools.conftest]]
version = "0.71.0"
backend = "aqua:open-policy-agent/conftest"
specifiers = [
    "0.71.0",
    "latest",
]

[tools.conftest."platforms.linux-arm64"]
checksum = "sha256:542f255081cfab9919cba327d3c4014fd46d6ee3f0441c634b14b1465e9469d9"
url = "https://github.com/open-policy-agent/conftest/releases/download/v0.71.0/conftest_0.71.0_Linux_arm64.tar.gz"
url_api = "https://api.github.com/repos/open-policy-agent/conftest/releases/assets/599706184"

[tools.conftest."platforms.linux-arm64-musl"]
checksum = "sha256:542f255081cfab9919cba327d3c4014fd46d6ee3f0441c634b14b1465e9469d9"
url = "https://github.com/open-policy-agent/conftest/releases/download/v0.71.0/conftest_0.71.0_Linux_arm64.tar.gz"
url_api = "https://api.github.com/repos/open-policy-agent/conftest/releases/assets/599706184"

[tools.conftest."platforms.linux-x64"]
checksum = "sha256:765dfefdf0730693d7541ea0147e10d530a54ed257bbfec055ff34c837ffdf72"
url = "https://github.com/open-policy-agent/conftest/releases/download/v0.71.0/conftest_0.71.0_Linux_x86_64.tar.gz"
url_api = "https://api.github.com/repos/open-policy-agent/conftest/releases/assets/599706185"

[tools.conftest."platforms.linux-x64-musl"]
checksum = "sha256:765dfefdf0730693d7541ea0147e10d530a54ed257bbfec055ff34c837ffdf72"
url = "https://github.com/open-policy-agent/conftest/releases/download/v0.71.0/conftest_0.71.0_Linux_x86_64.tar.gz"
url_api = "https://api.github.com/repos/open-policy-agent/conftest/releases/assets/599706185"

[tools.conftest."platforms.macos-arm64"]
checksum = "sha256:78051b6ef0422082ba237f0df10a636737878941927880a68893469663b9e724"
url = "https://github.com/open-policy-agent/conftest/releases/download/v0.71.0/conftest_0.71.0_Darwin_arm64.tar.gz"
url_api = "https://api.github.com/repos/open-policy-agent/conftest/releases/assets/599706112"

[tools.conftest."platforms.macos-x64"]
checksum = "sha256:97a49726a9de43e5c56072b49c4ae3fa449d7a75a80a32c4b27c1467fa42c812"
url = "https://github.com/open-policy-agent/conftest/releases/download/v0.71.0/conftest_0.71.0_Darwin_x86_64.tar.gz"
url_api = "https://api.github.com/repos/open-policy-agent/conftest/releases/assets/599706110"

[tools.conftest."platforms.windows-x64"]
checksum = "sha256:a9228097e6f827dac7fee48f5cf0baa42ebd88454560de26bbb531d65ae0f448"
url = "https://github.com/open-policy-agent/conftest/releases/download/v0.71.0/conftest_0.71.0_Windows_x86_64.zip"
url_api = "https://api.github.com/repos/open-policy-agent/conftest/releases/assets/599706111"

[[tools.gitleaks]]
version = "8.30.1"
backend = "aqua:gitleaks/gitleaks"
specifiers = [
    "8.30.1",
    "latest",
]

[tools.gitleaks."platforms.linux-arm64"]
checksum = "sha256:e4a487ee7ccd7d3a7f7ec08657610aa3606637dab924210b3aee62570fb4b080"
url = "https://github.com/gitleaks/gitleaks/releases/download/v8.30.1/gitleaks_8.30.1_linux_arm64.tar.gz"
url_api = "https://api.github.com/repos/gitleaks/gitleaks/releases/assets/378332057"

[tools.gitleaks."platforms.linux-arm64-musl"]
checksum = "sha256:e4a487ee7ccd7d3a7f7ec08657610aa3606637dab924210b3aee62570fb4b080"
url = "https://github.com/gitleaks/gitleaks/releases/download/v8.30.1/gitleaks_8.30.1_linux_arm64.tar.gz"
url_api = "https://api.github.com/repos/gitleaks/gitleaks/releases/assets/378332057"

[tools.gitleaks."platforms.linux-x64"]
checksum = "sha256:551f6fc83ea457d62a0d98237cbad105af8d557003051f41f3e7ca7b3f2470eb"
url = "https://github.com/gitleaks/gitleaks/releases/download/v8.30.1/gitleaks_8.30.1_linux_x64.tar.gz"
url_api = "https://api.github.com/repos/gitleaks/gitleaks/releases/assets/378332058"

[tools.gitleaks."platforms.linux-x64-musl"]
checksum = "sha256:551f6fc83ea457d62a0d98237cbad105af8d557003051f41f3e7ca7b3f2470eb"
url = "https://github.com/gitleaks/gitleaks/releases/download/v8.30.1/gitleaks_8.30.1_linux_x64.tar.gz"
url_api = "https://api.github.com/repos/gitleaks/gitleaks/releases/assets/378332058"

[tools.gitleaks."platforms.macos-arm64"]
checksum = "sha256:b40ab0ae55c505963e365f271a8d3846efbc170aa17f2607f13df610a9aeb6a5"
url = "https://github.com/gitleaks/gitleaks/releases/download/v8.30.1/gitleaks_8.30.1_darwin_arm64.tar.gz"
url_api = "https://api.github.com/repos/gitleaks/gitleaks/releases/assets/378332059"

[tools.gitleaks."platforms.macos-x64"]
checksum = "sha256:dfe101a4db2255fc85120ac7f3d25e4342c3c20cf749f2c20a18081af1952709"
url = "https://github.com/gitleaks/gitleaks/releases/download/v8.30.1/gitleaks_8.30.1_darwin_x64.tar.gz"
url_api = "https://api.github.com/repos/gitleaks/gitleaks/releases/assets/378332053"

[tools.gitleaks."platforms.windows-x64"]
checksum = "sha256:d29144deff3a68aa93ced33dddf84b7fdc26070add4aa0f4513094c8332afc4e"
url = "https://github.com/gitleaks/gitleaks/releases/download/v8.30.1/gitleaks_8.30.1_windows_x64.zip"
url_api = "https://api.github.com/repos/gitleaks/gitleaks/releases/assets/378333178"

[[tools.java]]
version = "temurin-17.0.20+101"
backend = "core:java"
specifiers = [
    "temurin-17",
    "temurin-17.0.20+101",
]

[tools.java."platforms.linux-arm64"]
checksum = "sha256:457b57af8f9c93ec39080bb8c764f559dc8c89a6da1a39d718a400b7890d3e41"
url = "https://github.com/adoptium/temurin17-binaries/releases/download/jdk-17.0.20.1%2B1/OpenJDK17U-jdk_aarch64_linux_hotspot_17.0.20.1_1.tar.gz"

[tools.java."platforms.linux-x64"]
checksum = "sha256:3808d1d15e3ec6bd5b84057fb5d84c33d8a1536a258146bcea2e603fc726e08e"
url = "https://github.com/adoptium/temurin17-binaries/releases/download/jdk-17.0.20.1%2B1/OpenJDK17U-jdk_x64_linux_hotspot_17.0.20.1_1.tar.gz"

[tools.java."platforms.linux-x64-musl"]
checksum = "sha256:0c4fcdefa2737ccd66e049245fdb9dc431f91796182141204cd5f8192cb288e6"
url = "https://github.com/adoptium/temurin17-binaries/releases/download/jdk-17.0.20.1%2B1/OpenJDK17U-jdk_x64_alpine-linux_hotspot_17.0.20.1_1.tar.gz"

[tools.java."platforms.macos-arm64"]
checksum = "sha256:196d13ba5f10414bef7f6a05a9b3f00edacb18ebacef2b99485db9e2ee18f0e8"
url = "https://github.com/adoptium/temurin17-binaries/releases/download/jdk-17.0.20.1%2B1/OpenJDK17U-jdk_aarch64_mac_hotspot_17.0.20.1_1.tar.gz"

[tools.java."platforms.macos-x64"]
checksum = "sha256:c01975da12ed4235250ff891fe8bba73a9e73037d444b269c9d0922b5dbc8e0a"
url = "https://github.com/adoptium/temurin17-binaries/releases/download/jdk-17.0.20.1%2B1/OpenJDK17U-jdk_x64_mac_hotspot_17.0.20.1_1.tar.gz"

[tools.java."platforms.windows-x64"]
checksum = "sha256:e53a79c3c3d86865bd7e787903884331068e71321714ffd44f145785affc7cb0"
url = "https://github.com/adoptium/temurin17-binaries/releases/download/jdk-17.0.20.1%2B1/OpenJDK17U-jdk_x64_windows_hotspot_17.0.20.1_1.zip"

[[tools.opa]]
version = "1.21.1"
backend = "aqua:open-policy-agent/opa"
specifiers = [
    "1.21.1",
    "latest",
]

[tools.opa."platforms.linux-arm64"]
checksum = "sha256:9a1f3625529c6f01240fe68286dde06aa0b23c5253da700ac48f4d943ff8a4de"
url = "https://github.com/open-policy-agent/opa/releases/download/v1.21.1/opa_linux_arm64_static"
url_api = "https://api.github.com/repos/open-policy-agent/opa/releases/assets/599034302"

[tools.opa."platforms.linux-arm64-musl"]
checksum = "sha256:9a1f3625529c6f01240fe68286dde06aa0b23c5253da700ac48f4d943ff8a4de"
url = "https://github.com/open-policy-agent/opa/releases/download/v1.21.1/opa_linux_arm64_static"
url_api = "https://api.github.com/repos/open-policy-agent/opa/releases/assets/599034302"

[tools.opa."platforms.linux-x64"]
checksum = "sha256:668506eb17a2eaa1fce6cc0d1f42ef85125d4ac5bda5fc74d1152d0c77145031"
url = "https://github.com/open-policy-agent/opa/releases/download/v1.21.1/opa_linux_amd64_static"
url_api = "https://api.github.com/repos/open-policy-agent/opa/releases/assets/599034191"

[tools.opa."platforms.linux-x64-musl"]
checksum = "sha256:668506eb17a2eaa1fce6cc0d1f42ef85125d4ac5bda5fc74d1152d0c77145031"
url = "https://github.com/open-policy-agent/opa/releases/download/v1.21.1/opa_linux_amd64_static"
url_api = "https://api.github.com/repos/open-policy-agent/opa/releases/assets/599034191"

[tools.opa."platforms.macos-arm64"]
checksum = "sha256:a00a6469a0968c47c01137ed0dacaa88148be5d0eaa8524310cd371f3a98a169"
url = "https://github.com/open-policy-agent/opa/releases/download/v1.21.1/opa_darwin_arm64_static"
url_api = "https://api.github.com/repos/open-policy-agent/opa/releases/assets/599034098"

[tools.opa."platforms.macos-x64"]
checksum = "sha256:57a1127c8c67f819928c123163fafb307341bdb6ad543e680c0bbee7640783c5"
url = "https://github.com/open-policy-agent/opa/releases/download/v1.21.1/opa_darwin_amd64"
url_api = "https://api.github.com/repos/open-policy-agent/opa/releases/assets/599034096"

[tools.opa."platforms.windows-x64"]
checksum = "sha256:25406f7c6e147d687fd7fd546f835bafa160a6242c605ee94a23ba6cd7bccdcd"
url = "https://github.com/open-policy-agent/opa/releases/download/v1.21.1/opa_windows_amd64.exe"
url_api = "https://api.github.com/repos/open-policy-agent/opa/releases/assets/599034307"

[[tools."pipx:podman-compose"]]
version = "1.6.0"
backend = "pipx:podman-compose"
specifiers = ["1.6.0"]

[[tools.python]]
version = "3.12.15"
backend = "core:python"
specifiers = [
    "3.12",
    "3.12.15",
]

[tools.python."platforms.linux-arm64"]
checksum = "sha256:0b35f4dc08d58534eb82e024989e2db9873885dccd4f2a316ff55c0cec146123"
url = "https://github.com/astral-sh/python-build-standalone/releases/download/20261001/cpython-3.12.15+20261001-aarch64-unknown-linux-gnu-install_only_stripped.tar.gz"
provenance = "github-attestations"

[tools.python."platforms.linux-arm64-musl"]
checksum = "sha256:2528ba293c42a9221288e42ecf287394532d73d1bf22b9dcc255819fce418bb7"
url = "https://github.com/astral-sh/python-build-standalone/releases/download/20261001/cpython-3.12.15+20261001-aarch64-unknown-linux-musl-install_only_stripped.tar.gz"
provenance = "github-attestations"

[tools.python."platforms.linux-x64"]
checksum = "blake3:9e627ac2373c7c15fc9831f628ed7a428b826f7e5a04112082bd4ec40ab9c663"
url = "https://github.com/astral-sh/python-build-standalone/releases/download/20261001/cpython-3.12.15+20261001-x86_64-unknown-linux-gnu-install_only_stripped.tar.gz"
provenance = "github-attestations"

[tools.python."platforms.linux-x64-musl"]
checksum = "sha256:5f1bf9c2ca7873d156a1fe47a0534b7807b27e2931d3a260ba9d65bf85250ca2"
url = "https://github.com/astral-sh/python-build-standalone/releases/download/20261001/cpython-3.12.15+20261001-x86_64-unknown-linux-musl-install_only_stripped.tar.gz"
provenance = "github-attestations"

[tools.python."platforms.macos-arm64"]
checksum = "sha256:10cab8f6ed6202fdd81637aa6eda4af8d5b7eaa8fc42f9df3c6bea4923de0d93"
url = "https://github.com/astral-sh/python-build-standalone/releases/download/20261001/cpython-3.12.15+20261001-aarch64-apple-darwin-install_only_stripped.tar.gz"
provenance = "github-attestations"

[tools.python."platforms.macos-x64"]
checksum = "sha256:d101ac54bc34afff54741406261325dc896b7b646a36a58fff4845ef0a00b2ce"
url = "https://github.com/astral-sh/python-build-standalone/releases/download/20261001/cpython-3.12.15+20261001-x86_64-apple-darwin-install_only_stripped.tar.gz"
provenance = "github-attestations"

[tools.python."platforms.windows-x64"]
checksum = "sha256:52124cee54126f3f360eaa378288f6f64c402c983a3c14c95eff67f4af986aaa"
url = "https://github.com/astral-sh/python-build-standalone/releases/download/20261001/cpython-3.12.15+20261001-x86_64-pc-windows-msvc-install_only_stripped.tar.gz"
provenance = "github-attestations"

[[tools.terraform]]
version = "1.15.8"
backend = "aqua:hashicorp/terraform"
specifiers = ["1.15.8"]

[tools.terraform."platforms.linux-arm64"]
checksum = "sha256:8891e9dcedc9e3b8950bc6af9d4d8af1f4cfade3062f53b9dc403a89f6ce8c9c"
url = "https://releases.hashicorp.com/terraform/1.15.8/terraform_1.15.8_linux_arm64.zip"

[tools.terraform."platforms.linux-arm64-musl"]
checksum = "sha256:8891e9dcedc9e3b8950bc6af9d4d8af1f4cfade3062f53b9dc403a89f6ce8c9c"
url = "https://releases.hashicorp.com/terraform/1.15.8/terraform_1.15.8_linux_arm64.zip"

[tools.terraform."platforms.linux-x64"]
checksum = "sha256:d25ce7b6902013ad905db3d2eab0be4cd905887fe88b81a6171b8d5503c31f3d"
url = "https://releases.hashicorp.com/terraform/1.15.8/terraform_1.15.8_linux_amd64.zip"

[tools.terraform."platforms.linux-x64-musl"]
checksum = "sha256:d25ce7b6902013ad905db3d2eab0be4cd905887fe88b81a6171b8d5503c31f3d"
url = "https://releases.hashicorp.com/terraform/1.15.8/terraform_1.15.8_linux_amd64.zip"

[tools.terraform."platforms.macos-arm64"]
checksum = "sha256:f210110c5698b94d803a7a63cdb0251b5455c150841478808e2bbb343f95ed68"
url = "https://releases.hashicorp.com/terraform/1.15.8/terraform_1.15.8_darwin_arm64.zip"

[tools.terraform."platforms.macos-x64"]
checksum = "sha256:e2e812e783771159bf758fd4e55d6dc9bb08f63e2af2c63d212721807a02c5dc"
url = "https://releases.hashicorp.com/terraform/1.15.8/terraform_1.15.8_darwin_amd64.zip"

[tools.terraform."platforms.windows-x64"]
checksum = "sha256:2ff41d2129afb1982733c132c61a8d6ef038f879f3aeede7fc28b8b8b24acf02"
url = "https://releases.hashicorp.com/terraform/1.15.8/terraform_1.15.8_windows_amd64.zip"

[[tools.trivy]]
version = "0.72.0"
backend = "aqua:aquasecurity/trivy"
specifiers = [
    "0.72.0",
    "latest",
]

[tools.trivy."platforms.linux-arm64"]
checksum = "sha256:2ca2c023109c2db6b2b77366b6717291452d4531167377d95c79547f0c8e3467"
url = "https://github.com/aquasecurity/trivy/releases/download/v0.72.0/trivy_0.72.0_Linux-ARM64.tar.gz"
url_api = "https://api.github.com/repos/aquasecurity/trivy/releases/assets/462015056"
provenance = "cosign"

[tools.trivy."platforms.linux-arm64-musl"]
checksum = "sha256:2ca2c023109c2db6b2b77366b6717291452d4531167377d95c79547f0c8e3467"
url = "https://github.com/aquasecurity/trivy/releases/download/v0.72.0/trivy_0.72.0_Linux-ARM64.tar.gz"
url_api = "https://api.github.com/repos/aquasecurity/trivy/releases/assets/462015056"
provenance = "cosign"

[tools.trivy."platforms.linux-x64"]
checksum = "sha256:bbb64b9695866ce4a7a8f5c9592002c5961cab378577fa3f8a040df362b9b2ea"
url = "https://github.com/aquasecurity/trivy/releases/download/v0.72.0/trivy_0.72.0_Linux-64bit.tar.gz"
url_api = "https://api.github.com/repos/aquasecurity/trivy/releases/assets/462015055"
provenance = "cosign"

[tools.trivy."platforms.linux-x64-musl"]
checksum = "sha256:bbb64b9695866ce4a7a8f5c9592002c5961cab378577fa3f8a040df362b9b2ea"
url = "https://github.com/aquasecurity/trivy/releases/download/v0.72.0/trivy_0.72.0_Linux-64bit.tar.gz"
url_api = "https://api.github.com/repos/aquasecurity/trivy/releases/assets/462015055"
provenance = "cosign"

[tools.trivy."platforms.macos-arm64"]
checksum = "sha256:88f208680dc05da2b459e19b4f5aa2b4dc7c2117892ba4aab2ae63baba330016"
url = "https://github.com/aquasecurity/trivy/releases/download/v0.72.0/trivy_0.72.0_macOS-ARM64.tar.gz"
url_api = "https://api.github.com/repos/aquasecurity/trivy/releases/assets/462015117"
provenance = "cosign"

[tools.trivy."platforms.macos-x64"]
checksum = "sha256:ee5e60df8a98e5b89fd74a6d86f9e5c7e9a266a35002cb1e43291698b3bfee08"
url = "https://github.com/aquasecurity/trivy/releases/download/v0.72.0/trivy_0.72.0_macOS-64bit.tar.gz"
url_api = "https://api.github.com/repos/aquasecurity/trivy/releases/assets/462015094"
provenance = "cosign"

[tools.trivy."platforms.windows-x64"]
checksum = "sha256:ed3cf122060f61818fe1f735fd97557954e16e10bc8b058af9852271cf2e91b3"
url = "https://github.com/aquasecurity/trivy/releases/download/v0.72.0/trivy_0.72.0_windows-64bit.zip"
url_api = "https://api.github.com/repos/aquasecurity/trivy/releases/assets/462015116"
provenance = "cosign"

[[tools.uv]]
version = "0.12.17"
backend = "aqua:astral-sh/uv"
specifiers = [
    "0.12.17",
    "latest",
]

[tools.uv."platforms.linux-arm64"]
checksum = "sha256:d636d1b678e9e7f367ecb22b46bd1cabbed234d6bc3b4d96365d2b507f72f86c"
url = "https://github.com/astral-sh/uv/releases/download/0.12.17/uv-aarch64-unknown-linux-gnu.tar.gz"
url_api = "https://api.github.com/repos/astral-sh/uv/releases/assets/573252936"
provenance = "github-attestations"

[tools.uv."platforms.linux-arm64-musl"]
checksum = "sha256:a6096da273d548cb9f277d237a01ac7344a39ef0f455c0e148e4dc9737c1596b"
url = "https://github.com/astral-sh/uv/releases/download/0.12.17/uv-aarch64-unknown-linux-musl.tar.gz"
url_api = "https://api.github.com/repos/astral-sh/uv/releases/assets/573252947"
provenance = "github-attestations"

[tools.uv."platforms.linux-x64"]
checksum = "sha256:fa82fd8dde8e8eefdecada6aa0889666556cfceb690d06e0c3bca49eb3070a63"
url = "https://github.com/astral-sh/uv/releases/download/0.12.17/uv-x86_64-unknown-linux-gnu.tar.gz"
url_api = "https://api.github.com/repos/astral-sh/uv/releases/assets/573253080"
provenance = "github-attestations"

[tools.uv."platforms.linux-x64-musl"]
checksum = "sha256:6401c4665d8fa2a9893e087c91f585430738e3170f5398a1141483efb4a93310"
url = "https://github.com/astral-sh/uv/releases/download/0.12.17/uv-x86_64-unknown-linux-musl.tar.gz"
url_api = "https://api.github.com/repos/astral-sh/uv/releases/assets/573253085"
provenance = "github-attestations"

[tools.uv."platforms.macos-arm64"]
checksum = "sha256:85f00cbdc6dd3e97eba4c31b4d014375a9fdfe8f570023b84e5102fc3456896b"
url = "https://github.com/astral-sh/uv/releases/download/0.12.17/uv-aarch64-apple-darwin.tar.gz"
url_api = "https://api.github.com/repos/astral-sh/uv/releases/assets/573252913"
provenance = "github-attestations"

[tools.uv."platforms.macos-x64"]
checksum = "sha256:8dcf05a8c809bb3c471d2b614788ba27a6e41298fc8c31ac84b5f4339fd468e5"
url = "https://github.com/astral-sh/uv/releases/download/0.12.17/uv-x86_64-apple-darwin.tar.gz"
url_api = "https://api.github.com/repos/astral-sh/uv/releases/assets/573253060"
provenance = "github-attestations"

[tools.uv."platforms.windows-x64"]
checksum = "sha256:a252121d5b59398fcb137c6ea448176459a44010f33f67e0072305a637119ca7"
url = "https://github.com/astral-sh/uv/releases/download/0.12.17/uv-x86_64-pc-windows-msvc.zip"
url_api = "https://api.github.com/repos/astral-sh/uv/releases/assets/573253071"
provenance = "github-attestations"
